
Microsoft Visual Studio Solution File, Format Version 12.00
# Visual Studio 15
Project("{FAE04EC0-301F-11D3-BF4B-00C04F79EFBC}") = "Assembly-CSharp", "Assembly-CSharp.csproj", "{684C971F-A645-72DA-5775-4B56E32B7CC2}"
EndProject
Project("{FAE04EC0-301F-11D3-BF4B-00C04F79EFBC}") = "Assembly-CSharp-Editor", "Assembly-CSharp-Editor.csproj", "{C0488B06-D184-F625-EE4C-9F102B9A71C2}"
EndProject
Global
	GlobalSection(SolutionConfigurationPlatforms) = preSolution
		Debug|Any CPU = Debug|Any CPU
		Release|Any CPU = Release|Any CPU
	EndGlobalSection
	GlobalSection(ProjectConfigurationPlatforms) = postSolution
		{684C971F-A645-72DA-5775-4B56E32B7CC2}.Debug|Any CPU.ActiveCfg = Debug|Any CPU
		{684C971F-A645-72DA-5775-4B56E32B7CC2}.Debug|Any CPU.Build.0 = Debug|Any CPU
		{684C971F-A645-72DA-5775-4B56E32B7CC2}.Release|Any CPU.ActiveCfg = Release|Any CPU
		{684C971F-A645-72DA-5775-4B56E32B7CC2}.Release|Any CPU.Build.0 = Release|Any CPU
		{C0488B06-D184-F625-EE4C-9F102B9A71C2}.Debug|Any CPU.ActiveCfg = Debug|Any CPU
		{C0488B06-D184-F625-EE4C-9F102B9A71C2}.Debug|Any CPU.Build.0 = Debug|Any CPU
		{C0488B06-D184-F625-EE4C-9F102B9A71C2}.Release|Any CPU.ActiveCfg = Release|Any CPU
		{C0488B06-D184-F625-EE4C-9F102B9A71C2}.Release|Any CPU.Build.0 = Release|Any CPU
	EndGlobalSection
	GlobalSection(SolutionProperties) = preSolution
		HideSolutionNode = FALSE
	EndGlobalSection
EndGlobal
